# generated by rye
# use `rye lock` or `rye sync` to update this lockfile
#
# last locked with the following flags:
#   pre: false
#   features: []
#   all-features: false
#   with-sources: false
#   generate-hashes: false
#   universal: true

aiofiles==23.2.1
    # via gradio
altair==5.4.1
    # via streamlit
annotated-types==0.7.0
    # via pydantic
anyio==4.4.0
    # via gradio
    # via httpx
    # via starlette
attrs==24.2.0
    # via jsonschema
    # via referencing
blinker==1.8.2
    # via streamlit
cachetools==5.5.0
    # via streamlit
certifi==2024.8.30
    # via httpcore
    # via httpx
    # via requests
cfgv==3.4.0
    # via pre-commit
charset-normalizer==3.3.2
    # via requests
click==8.1.7
    # via streamlit
    # via typer
    # via uvicorn
colorama==0.4.6 ; sys_platform == 'win32' or platform_system == 'Windows'
    # via click
    # via pytest
    # via tqdm
contourpy==1.3.0
    # via matplotlib
cycler==0.12.1
    # via matplotlib
distlib==0.3.8
    # via virtualenv
fastapi==0.112.4
    # via gradio
ffmpy==0.4.0
    # via gradio
filelock==3.16.0
    # via huggingface-hub
    # via virtualenv
fonttools==4.53.1
    # via matplotlib
fsspec==2024.9.0
    # via gradio-client
    # via huggingface-hub
gitdb==4.0.11
    # via gitpython
gitpython==3.1.43
    # via streamlit
gradio==4.43.0
gradio-client==1.3.0
    # via gradio
h11==0.14.0
    # via httpcore
    # via uvicorn
httpcore==1.0.5
    # via httpx
httpx==0.27.2
    # via gradio
    # via gradio-client
huggingface-hub==0.24.6
    # via gradio
    # via gradio-client
identify==2.6.0
    # via pre-commit
idna==3.8
    # via anyio
    # via httpx
    # via requests
importlib-resources==6.4.4
    # via gradio
iniconfig==2.0.0
    # via pytest
jinja2==3.1.4
    # via altair
    # via gradio
    # via pydeck
jsonschema==4.23.0
    # via altair
jsonschema-specifications==2023.12.1
    # via jsonschema
kiwisolver==1.4.7
    # via matplotlib
markdown-it-py==3.0.0
    # via rich
markupsafe==2.1.5
    # via gradio
    # via jinja2
matplotlib==3.9.2
    # via gradio
mdurl==0.1.2
    # via markdown-it-py
narwhals==1.6.4
    # via altair
nodeenv==1.9.1
    # via pre-commit
    # via pyright
numpy==2.1.1
    # via contourpy
    # via gradio
    # via matplotlib
    # via pandas
    # via pyarrow
    # via pydeck
    # via streamlit
orjson==3.10.7
    # via gradio
packaging==24.1
    # via altair
    # via gradio
    # via gradio-client
    # via huggingface-hub
    # via matplotlib
    # via pytest
    # via streamlit
pandas==2.2.2
    # via gradio
    # via streamlit
pillow==10.4.0
    # via gradio
    # via matplotlib
    # via streamlit
platformdirs==4.3.2
    # via virtualenv
pluggy==1.5.0
    # via pytest
pre-commit==3.8.0
protobuf==5.28.0
    # via streamlit
pyarrow==17.0.0
    # via streamlit
pydantic==2.9.0
    # via fastapi
    # via gradio
pydantic-core==2.23.2
    # via pydantic
pydeck==0.9.1
    # via streamlit
pydub==0.25.1
    # via gradio
pygments==2.18.0
    # via rich
pyparsing==3.1.4
    # via matplotlib
pyright==1.1.379
pytest==8.3.2
python-dateutil==2.9.0.post0
    # via matplotlib
    # via pandas
python-multipart==0.0.9
    # via gradio
pytz==2024.1
    # via pandas
pyyaml==6.0.2
    # via gradio
    # via huggingface-hub
    # via pre-commit
referencing==0.35.1
    # via jsonschema
    # via jsonschema-specifications
requests==2.32.3
    # via huggingface-hub
    # via streamlit
rich==13.8.0
    # via streamlit
    # via typer
rpds-py==0.20.0
    # via jsonschema
    # via referencing
ruff==0.6.4 ; sys_platform != 'emscripten'
    # via gradio
semantic-version==2.10.0
    # via gradio
shellingham==1.5.4 ; sys_platform != 'emscripten'
    # via typer
six==1.16.0
    # via python-dateutil
smmap==5.0.1
    # via gitdb
sniffio==1.3.1
    # via anyio
    # via httpx
starlette==0.38.5
    # via fastapi
streamlit==1.38.0
tenacity==8.5.0
    # via streamlit
toml==0.10.2
    # via streamlit
tomlkit==0.12.0
    # via gradio
tornado==6.4.1
    # via streamlit
tqdm==4.66.5
    # via huggingface-hub
typer==0.12.5 ; sys_platform != 'emscripten'
    # via gradio
typing-extensions==4.12.2
    # via altair
    # via fastapi
    # via gradio
    # via gradio-client
    # via huggingface-hub
    # via pydantic
    # via pydantic-core
    # via streamlit
    # via typer
tzdata==2024.1
    # via pandas
    # via pydantic
urllib3==2.2.2
    # via gradio
    # via requests
uvicorn==0.30.6 ; sys_platform != 'emscripten'
    # via gradio
virtualenv==20.26.4
    # via pre-commit
watchdog==4.0.2 ; platform_system != 'Darwin'
    # via streamlit
websockets==12.0
    # via gradio-client
